// !$*UTF8*$!
{
	archiveVersion = 1;
	classes = {
	};
	objectVersion = 46;
	objects = {

/* Begin PBXBuildFile section */
		5CC2319CBA12B23C7603550E /* Pods_Cocoaheads.framework in Frameworks */ = {isa = PBXBuildFile; fileRef = 891744B9C5D1694D344889C6 /* Pods_Cocoaheads.framework */; };
		A24F5CC4725140064CFEAB53 /* Pods_CocoaheadsTests.framework in Frameworks */ = {isa = PBXBuildFile; fileRef = 3E3522F15D2801F04EEC6E55 /* Pods_CocoaheadsTests.framework */; };
		FC18F2BC1E5257AB00FC9907 /* AppDelegate.swift in Sources */ = {isa = PBXBuildFile; fileRef = FC18F2BB1E5257AB00FC9907 /* AppDelegate.swift */; };
		FC18F2BE1E5257AB00FC9907 /* ViewController.swift in Sources */ = {isa = PBXBuildFile; fileRef = FC18F2BD1E5257AB00FC9907 /* ViewController.swift */; };
		FC18F2C11E5257AB00FC9907 /* Main.storyboard in Resources */ = {isa = PBXBuildFile; fileRef = FC18F2BF1E5257AB00FC9907 /* Main.storyboard */; };
		FC18F2C31E5257AB00FC9907 /* Assets.xcassets in Resources */ = {isa = PBXBuildFile; fileRef = FC18F2C21E5257AB00FC9907 /* Assets.xcassets */; };
		FC18F2C61E5257AB00FC9907 /* LaunchScreen.storyboard in Resources */ = {isa = PBXBuildFile; fileRef = FC18F2C41E5257AB00FC9907 /* LaunchScreen.storyboard */; };
		FC18F2D11E5257AB00FC9907 /* CocoaheadsTests.swift in Sources */ = {isa = PBXBuildFile; fileRef = FC18F2D01E5257AB00FC9907 /* CocoaheadsTests.swift */; };
		FC18F2E31E526F9E00FC9907 /* Repository.swift in Sources */ = {isa = PBXBuildFile; fileRef = FC18F2E21E526F9E00FC9907 /* Repository.swift */; };
		FC18F2E51E5271C400FC9907 /* RepositoriesResponse.swift in Sources */ = {isa = PBXBuildFile; fileRef = FC18F2E41E5271C400FC9907 /* RepositoriesResponse.swift */; };
		FC18F2E71E52722200FC9907 /* APIClient.swift in Sources */ = {isa = PBXBuildFile; fileRef = FC18F2E61E52722200FC9907 /* APIClient.swift */; };
/* End PBXBuildFile section */

/* Begin PBXContainerItemProxy section */
		FC18F2CD1E5257AB00FC9907 /* PBXContainerItemProxy */ = {
			isa = PBXContainerItemProxy;
			containerPortal = FC18F2B01E5257AB00FC9907 /* Project object */;
			proxyType = 1;
			remoteGlobalIDString = FC18F2B71E5257AB00FC9907;
			remoteInfo = Cocoaheads;
		};
/* End PBXContainerItemProxy section */

/* Begin PBXFileReference section */
		01D6975AE3F9A1C9BB7730FD /* Pods-CocoaheadsTests.release.xcconfig */ = {isa = PBXFileReference; includeInIndex = 1; lastKnownFileType = text.xcconfig; name = "Pods-CocoaheadsTests.release.xcconfig"; path = "Pods/Target Support Files/Pods-CocoaheadsTests/Pods-CocoaheadsTests.release.xcconfig"; sourceTree = "<group>"; };
		3E3522F15D2801F04EEC6E55 /* Pods_CocoaheadsTests.framework */ = {isa = PBXFileReference; explicitFileType = wrapper.framework; includeInIndex = 0; path = Pods_CocoaheadsTests.framework; sourceTree = BUILT_PRODUCTS_DIR; };
		47904E574D686F7BDD117F65 /* Pods-Cocoaheads.release.xcconfig */ = {isa = PBXFileReference; includeInIndex = 1; lastKnownFileType = text.xcconfig; name = "Pods-Cocoaheads.release.xcconfig"; path = "Pods/Target Support Files/Pods-Cocoaheads/Pods-Cocoaheads.release.xcconfig"; sourceTree = "<group>"; };
		891744B9C5D1694D344889C6 /* Pods_Cocoaheads.framework */ = {isa = PBXFileReference; explicitFileType = wrapper.framework; includeInIndex = 0; path = Pods_Cocoaheads.framework; sourceTree = BUILT_PRODUCTS_DIR; };
		A213193336C80E2148908236 /* Pods-CocoaheadsTests.debug.xcconfig */ = {isa = PBXFileReference; includeInIndex = 1; lastKnownFileType = text.xcconfig; name = "Pods-CocoaheadsTests.debug.xcconfig"; path = "Pods/Target Support Files/Pods-CocoaheadsTests/Pods-CocoaheadsTests.debug.xcconfig"; sourceTree = "<group>"; };
		FC18F2B81E5257AB00FC9907 /* Cocoaheads.app */ = {isa = PBXFileReference; explicitFileType = wrapper.application; includeInIndex = 0; path = Cocoaheads.app; sourceTree = BUILT_PRODUCTS_DIR; };
		FC18F2BB1E5257AB00FC9907 /* AppDelegate.swift */ = {isa = PBXFileReference; lastKnownFileType = sourcecode.swift; path = AppDelegate.swift; sourceTree = "<group>"; };
		FC18F2BD1E5257AB00FC9907 /* ViewController.swift */ = {isa = PBXFileReference; lastKnownFileType = sourcecode.swift; path = ViewController.swift; sourceTree = "<group>"; };
		FC18F2C01E5257AB00FC9907 /* Base */ = {isa = PBXFileReference; lastKnownFileType = file.storyboard; name = Base; path = Base.lproj/Main.storyboard; sourceTree = "<group>"; };
		FC18F2C21E5257AB00FC9907 /* Assets.xcassets */ = {isa = PBXFileReference; lastKnownFileType = folder.assetcatalog; path = Assets.xcassets; sourceTree = "<group>"; };
		FC18F2C51E5257AB00FC9907 /* Base */ = {isa = PBXFileReference; lastKnownFileType = file.storyboard; name = Base; path = Base.lproj/LaunchScreen.storyboard; sourceTree = "<group>"; };
		FC18F2C71E5257AB00FC9907 /* Info.plist */ = {isa = PBXFileReference; lastKnownFileType = text.plist.xml; path = Info.plist; sourceTree = "<group>"; };
		FC18F2CC1E5257AB00FC9907 /* CocoaheadsTests.xctest */ = {isa = PBXFileReference; explicitFileType = wrapper.cfbundle; includeInIndex = 0; path = CocoaheadsTests.xctest; sourceTree = BUILT_PRODUCTS_DIR; };
		FC18F2D01E5257AB00FC9907 /* CocoaheadsTests.swift */ = {isa = PBXFileReference; lastKnownFileType = sourcecode.swift; path = CocoaheadsTests.swift; sourceTree = "<group>"; };
		FC18F2D21E5257AC00FC9907 /* Info.plist */ = {isa = PBXFileReference; lastKnownFileType = text.plist.xml; path = Info.plist; sourceTree = "<group>"; };
		FC18F2E21E526F9E00FC9907 /* Repository.swift */ = {isa = PBXFileReference; fileEncoding = 4; lastKnownFileType = sourcecode.swift; path = Repository.swift; sourceTree = "<group>"; };
		FC18F2E41E5271C400FC9907 /* RepositoriesResponse.swift */ = {isa = PBXFileReference; fileEncoding = 4; lastKnownFileType = sourcecode.swift; path = RepositoriesResponse.swift; sourceTree = "<group>"; };
		FC18F2E61E52722200FC9907 /* APIClient.swift */ = {isa = PBXFileReference; fileEncoding = 4; lastKnownFileType = sourcecode.swift; path = APIClient.swift; sourceTree = "<group>"; };
		FC7E032928555627C6D3A21C /* Pods-Cocoaheads.debug.xcconfig */ = {isa = PBXFileReference; includeInIndex = 1; lastKnownFileType = text.xcconfig; name = "Pods-Cocoaheads.debug.xcconfig"; path = "Pods/Target Support Files/Pods-Cocoaheads/Pods-Cocoaheads.debug.xcconfig"; sourceTree = "<group>"; };
/* End PBXFileReference section */

/* Begin PBXFrameworksBuildPhase section */
		FC18F2B51E5257AB00FC9907 /* Frameworks */ = {
			isa = PBXFrameworksBuildPhase;
			buildActionMask = 2147483647;
			files = (
				5CC2319CBA12B23C7603550E /* Pods_Cocoaheads.framework in Frameworks */,
			);
			runOnlyForDeploymentPostprocessing = 0;
		};
		FC18F2C91E5257AB00FC9907 /* Frameworks */ = {
			isa = PBXFrameworksBuildPhase;
			buildActionMask = 2147483647;
			files = (
				A24F5CC4725140064CFEAB53 /* Pods_CocoaheadsTests.framework in Frameworks */,
			);
			runOnlyForDeploymentPostprocessing = 0;
		};
/* End PBXFrameworksBuildPhase section */

/* Begin PBXGroup section */
		01AE154B32ECB07036E7B930 /* Pods */ = {
			isa = PBXGroup;
			children = (
				FC7E032928555627C6D3A21C /* Pods-Cocoaheads.debug.xcconfig */,
				47904E574D686F7BDD117F65 /* Pods-Cocoaheads.release.xcconfig */,
				A213193336C80E2148908236 /* Pods-CocoaheadsTests.debug.xcconfig */,
				01D6975AE3F9A1C9BB7730FD /* Pods-CocoaheadsTests.release.xcconfig */,
			);
			name = Pods;
			sourceTree = "<group>";
		};
		1AEA79912643182B36EC4DED /* Frameworks */ = {
			isa = PBXGroup;
			children = (
				891744B9C5D1694D344889C6 /* Pods_Cocoaheads.framework */,
				3E3522F15D2801F04EEC6E55 /* Pods_CocoaheadsTests.framework */,
			);
			name = Frameworks;
			sourceTree = "<group>";
		};
		FC18F2AF1E5257AB00FC9907 = {
			isa = PBXGroup;
			children = (
				FC18F2BA1E5257AB00FC9907 /* Cocoaheads */,
				FC18F2CF1E5257AB00FC9907 /* CocoaheadsTests */,
				FC18F2B91E5257AB00FC9907 /* Products */,
				01AE154B32ECB07036E7B930 /* Pods */,
				1AEA79912643182B36EC4DED /* Frameworks */,
			);
			sourceTree = "<group>";
		};
		FC18F2B91E5257AB00FC9907 /* Products */ = {
			isa = PBXGroup;
			children = (
				FC18F2B81E5257AB00FC9907 /* Cocoaheads.app */,
				FC18F2CC1E5257AB00FC9907 /* CocoaheadsTests.xctest */,
			);
			name = Products;
			sourceTree = "<group>";
		};
		FC18F2BA1E5257AB00FC9907 /* Cocoaheads */ = {
			isa = PBXGroup;
			children = (
				FC18F2DE1E52699900FC9907 /* data */,
				FC18F2BD1E5257AB00FC9907 /* ViewController.swift */,
				FC18F2BB1E5257AB00FC9907 /* AppDelegate.swift */,
				FC18F2BF1E5257AB00FC9907 /* Main.storyboard */,
				FC18F2C41E5257AB00FC9907 /* LaunchScreen.storyboard */,
				FC18F2C21E5257AB00FC9907 /* Assets.xcassets */,
				FC18F2C71E5257AB00FC9907 /* Info.plist */,
			);
			path = Cocoaheads;
			sourceTree = "<group>";
		};
		FC18F2CF1E5257AB00FC9907 /* CocoaheadsTests */ = {
			isa = PBXGroup;
			children = (
				FC18F2D01E5257AB00FC9907 /* CocoaheadsTests.swift */,
				FC18F2D21E5257AC00FC9907 /* Info.plist */,
			);
			path = CocoaheadsTests;
			sourceTree = "<group>";
		};
		FC18F2DB1E52652600FC9907 /* API */ = {
			isa = PBXGroup;
			children = (
				FC18F2E61E52722200FC9907 /* APIClient.swift */,
			);
			path = API;
			sourceTree = "<group>";
		};
		FC18F2DE1E52699900FC9907 /* data */ = {
			isa = PBXGroup;
			children = (
				FC18F2DF1E5269F300FC9907 /* Entities */,
				FC18F2DB1E52652600FC9907 /* API */,
			);
			path = data;
			sourceTree = "<group>";
		};
		FC18F2DF1E5269F300FC9907 /* Entities */ = {
			isa = PBXGroup;
			children = (
				FC18F2E21E526F9E00FC9907 /* Repository.swift */,
				FC18F2E41E5271C400FC9907 /* RepositoriesResponse.swift */,
			);
			path = Entities;
			sourceTree = "<group>";
		};
/* End PBXGroup section */

/* Begin PBXNativeTarget section */
		FC18F2B71E5257AB00FC9907 /* Cocoaheads */ = {
			isa = PBXNativeTarget;
			buildConfigurationList = FC18F2D51E5257AC00FC9907 /* Build configuration list for PBXNativeTarget "Cocoaheads" */;
			buildPhases = (
				1E2CED81190A70F028339160 /* [CP] Check Pods Manifest.lock */,
				FC18F2B41E5257AB00FC9907 /* Sources */,
				FC18F2B51E5257AB00FC9907 /* Frameworks */,
				FC18F2B61E5257AB00FC9907 /* Resources */,
				22A63C9D2B8995038085FED9 /* [CP] Embed Pods Frameworks */,
				727F93FC38EABFAE552B6E30 /* [CP] Copy Pods Resources */,
			);
			buildRules = (
			);
			dependencies = (
			);
			name = Cocoaheads;
			productName = Cocoaheads;
			productReference = FC18F2B81E5257AB00FC9907 /* Cocoaheads.app */;
			productType = "com.apple.product-type.application";
		};
		FC18F2CB1E5257AB00FC9907 /* CocoaheadsTests */ = {
			isa = PBXNativeTarget;
			buildConfigurationList = FC18F2D81E5257AC00FC9907 /* Build configuration list for PBXNativeTarget "CocoaheadsTests" */;
			buildPhases = (
				39F899583B9C19D296CFD69C /* [CP] Check Pods Manifest.lock */,
				FC18F2C81E5257AB00FC9907 /* Sources */,
				FC18F2C91E5257AB00FC9907 /* Frameworks */,
				FC18F2CA1E5257AB00FC9907 /* Resources */,
				9FA1A63AAD55E1AF8B04E8F9 /* [CP] Embed Pods Frameworks */,
				F14B63E756CC47E3D3FF3C7F /* [CP] Copy Pods Resources */,
			);
			buildRules = (
			);
			dependencies = (
				FC18F2CE1E5257AB00FC9907 /* PBXTargetDependency */,
			);
			name = CocoaheadsTests;
			productName = CocoaheadsTests;
			productReference = FC18F2CC1E5257AB00FC9907 /* CocoaheadsTests.xctest */;
			productType = "com.apple.product-type.bundle.unit-test";
		};
/* End PBXNativeTarget section */

/* Begin PBXProject section */
		FC18F2B01E5257AB00FC9907 /* Project object */ = {
			isa = PBXProject;
			attributes = {
				LastSwiftUpdateCheck = 0820;
				LastUpgradeCheck = 0820;
				ORGANIZATIONNAME = "Vitor Mesquita";
				TargetAttributes = {
					FC18F2B71E5257AB00FC9907 = {
						CreatedOnToolsVersion = 8.2.1;
						ProvisioningStyle = Automatic;
					};
					FC18F2CB1E5257AB00FC9907 = {
						CreatedOnToolsVersion = 8.2.1;
						ProvisioningStyle = Automatic;
						TestTargetID = FC18F2B71E5257AB00FC9907;
					};
				};
			};
			buildConfigurationList = FC18F2B31E5257AB00FC9907 /* Build configuration list for PBXProject "Cocoaheads" */;
			compatibilityVersion = "Xcode 3.2";
			developmentRegion = English;
			hasScannedForEncodings = 0;
			knownRegions = (
				en,
				Base,
			);
			mainGroup = FC18F2AF1E5257AB00FC9907;
			productRefGroup = FC18F2B91E5257AB00FC9907 /* Products */;
			projectDirPath = "";
			projectRoot = "";
			targets = (
				FC18F2B71E5257AB00FC9907 /* Cocoaheads */,
				FC18F2CB1E5257AB00FC9907 /* CocoaheadsTests */,
			);
		};
/* End PBXProject section */

/* Begin PBXResourcesBuildPhase section */
		FC18F2B61E5257AB00FC9907 /* Resources */ = {
			isa = PBXResourcesBuildPhase;
			buildActionMask = 2147483647;
			files = (
				FC18F2C61E5257AB00FC9907 /* LaunchScreen.storyboard in Resources */,
				FC18F2C31E5257AB00FC9907 /* Assets.xcassets in Resources */,
				FC18F2C11E5257AB00FC9907 /* Main.storyboard in Resources */,
			);
			runOnlyForDeploymentPostprocessing = 0;
		};
		FC18F2CA1E5257AB00FC9907 /* Resources */ = {
			isa = PBXResourcesBuildPhase;
			buildActionMask = 2147483647;
			files = (
			);
			runOnlyForDeploymentPostprocessing = 0;
		};
/* End PBXResourcesBuildPhase section */

/* Begin PBXShellScriptBuildPhase section */
		1E2CED81190A70F028339160 /* [CP] Check Pods Manifest.lock */ = {
			isa = PBXShellScriptBuildPhase;
			buildActionMask = 2147483647;
			files = (
			);
			inputPaths = (
			);
			name = "[CP] Check Pods Manifest.lock";
			outputPaths = (
			);
			runOnlyForDeploymentPostprocessing = 0;
			shellPath = /bin/sh;
			shellScript = "diff \"${PODS_ROOT}/../Podfile.lock\" \"${PODS_ROOT}/Manifest.lock\" > /dev/null\nif [ $? != 0 ] ; then\n    # print error to STDERR\n    echo \"error: The sandbox is not in sync with the Podfile.lock. Run 'pod install' or update your CocoaPods installation.\" >&2\n    exit 1\nfi\n";
			showEnvVarsInLog = 0;
		};
		22A63C9D2B8995038085FED9 /* [CP] Embed Pods Frameworks */ = {
			isa = PBXShellScriptBuildPhase;
			buildActionMask = 2147483647;
			files = (
			);
			inputPaths = (
			);
			name = "[CP] Embed Pods Frameworks";
			outputPaths = (
			);
			runOnlyForDeploymentPostprocessing = 0;
			shellPath = /bin/sh;
			shellScript = "\"${SRCROOT}/Pods/Target Support Files/Pods-Cocoaheads/Pods-Cocoaheads-frameworks.sh\"\n";
			showEnvVarsInLog = 0;
		};
		39F899583B9C19D296CFD69C /* [CP] Check Pods Manifest.lock */ = {
			isa = PBXShellScriptBuildPhase;
			buildActionMask = 2147483647;
			files = (
			);
			inputPaths = (
			);
			name = "[CP] Check Pods Manifest.lock";
			outputPaths = (
			);
			runOnlyForDeploymentPostprocessing = 0;
			shellPath = /bin/sh;
			shellScript = "diff \"${PODS_ROOT}/../Podfile.lock\" \"${PODS_ROOT}/Manifest.lock\" > /dev/null\nif [ $? != 0 ] ; then\n    # print error to STDERR\n    echo \"error: The sandbox is not in sync with the Podfile.lock. Run 'pod install' or update your CocoaPods installation.\" >&2\n    exit 1\nfi\n";
			showEnvVarsInLog = 0;
		};
		727F93FC38EABFAE552B6E30 /* [CP] Copy Pods Resources */ = {
			isa = PBXShellScriptBuildPhase;
			buildActionMask = 2147483647;
			files = (
			);
			inputPaths = (
			);
			name = "[CP] Copy Pods Resources";
			outputPaths = (
			);
			runOnlyForDeploymentPostprocessing = 0;
			shellPath = /bin/sh;
			shellScript = "\"${SRCROOT}/Pods/Target Support Files/Pods-Cocoaheads/Pods-Cocoaheads-resources.sh\"\n";
			showEnvVarsInLog = 0;
		};
		9FA1A63AAD55E1AF8B04E8F9 /* [CP] Embed Pods Frameworks */ = {
			isa = PBXShellScriptBuildPhase;
			buildActionMask = 2147483647;
			files = (
			);
			inputPaths = (
			);
			name = "[CP] Embed Pods Frameworks";
			outputPaths = (
			);
			runOnlyForDeploymentPostprocessing = 0;
			shellPath = /bin/sh;
			shellScript = "\"${SRCROOT}/Pods/Target Support Files/Pods-CocoaheadsTests/Pods-CocoaheadsTests-frameworks.sh\"\n";
			showEnvVarsInLog = 0;
		};
		F14B63E756CC47E3D3FF3C7F /* [CP] Copy Pods Resources */ = {
			isa = PBXShellScriptBuildPhase;
			buildActionMask = 2147483647;
			files = (
			);
			inputPaths = (
			);
			name = "[CP] Copy Pods Resources";
			outputPaths = (
			);
			runOnlyForDeploymentPostprocessing = 0;
			shellPath = /bin/sh;
			shellScript = "\"${SRCROOT}/Pods/Target Support Files/Pods-CocoaheadsTests/Pods-CocoaheadsTests-resources.sh\"\n";
			showEnvVarsInLog = 0;
		};
/* End PBXShellScriptBuildPhase section */

/* Begin PBXSourcesBuildPhase section */
		FC18F2B41E5257AB00FC9907 /* Sources */ = {
			isa = PBXSourcesBuildPhase;
			buildActionMask = 2147483647;
			files = (
				FC18F2E51E5271C400FC9907 /* RepositoriesResponse.swift in Sources */,
				FC18F2BE1E5257AB00FC9907 /* ViewController.swift in Sources */,
				FC18F2E31E526F9E00FC9907 /* Repository.swift in Sources */,
				FC18F2E71E52722200FC9907 /* APIClient.swift in Sources */,
				FC18F2BC1E5257AB00FC9907 /* AppDelegate.swift in Sources */,
			);
			runOnlyForDeploymentPostprocessing = 0;
		};
		FC18F2C81E5257AB00FC9907 /* Sources */ = {
			isa = PBXSourcesBuildPhase;
			buildActionMask = 2147483647;
			files = (
				FC18F2D11E5257AB00FC9907 /* CocoaheadsTests.swift in Sources */,
			);
			runOnlyForDeploymentPostprocessing = 0;
		};
/* End PBXSourcesBuildPhase section */

/* Begin PBXTargetDependency section */
		FC18F2CE1E5257AB00FC9907 /* PBXTargetDependency */ = {
			isa = PBXTargetDependency;
			target = FC18F2B71E5257AB00FC9907 /* Cocoaheads */;
			targetProxy = FC18F2CD1E5257AB00FC9907 /* PBXContainerItemProxy */;
		};
/* End PBXTargetDependency section */

/* Begin PBXVariantGroup section */
		FC18F2BF1E5257AB00FC9907 /* Main.storyboard */ = {
			isa = PBXVariantGroup;
			children = (
				FC18F2C01E5257AB00FC9907 /* Base */,
			);
			name = Main.storyboard;
			sourceTree = "<group>";
		};
		FC18F2C41E5257AB00FC9907 /* LaunchScreen.storyboard */ = {
			isa = PBXVariantGroup;
			children = (
				FC18F2C51E5257AB00FC9907 /* Base */,
			);
			name = LaunchScreen.storyboard;
			sourceTree = "<group>";
		};
/* End PBXVariantGroup section */

/* Begin XCBuildConfiguration section */
		FC18F2D31E5257AC00FC9907 /* Debug */ = {
			isa = XCBuildConfiguration;
			buildSettings = {
				ALWAYS_SEARCH_USER_PATHS = NO;
				CLANG_ANALYZER_NONNULL = YES;
				CLANG_CXX_LANGUAGE_STANDARD = "gnu++0x";
				CLANG_CXX_LIBRARY = "libc++";
				CLANG_ENABLE_MODULES = YES;
				CLANG_ENABLE_OBJC_ARC = YES;
				CLANG_WARN_BOOL_CONVERSION = YES;
				CLANG_WARN_CONSTANT_CONVERSION = YES;
				CLANG_WARN_DIRECT_OBJC_ISA_USAGE = YES_ERROR;
				CLANG_WARN_DOCUMENTATION_COMMENTS = YES;
				CLANG_WARN_EMPTY_BODY = YES;
				CLANG_WARN_ENUM_CONVERSION = YES;
				CLANG_WARN_INFINITE_RECURSION = YES;
				CLANG_WARN_INT_CONVERSION = YES;
				CLANG_WARN_OBJC_ROOT_CLASS = YES_ERROR;
				CLANG_WARN_SUSPICIOUS_MOVE = YES;
				CLANG_WARN_UNREACHABLE_CODE = YES;
				CLANG_WARN__DUPLICATE_METHOD_MATCH = YES;
				"CODE_SIGN_IDENTITY[sdk=iphoneos*]" = "iPhone Developer";
				COPY_PHASE_STRIP = NO;
				DEBUG_INFORMATION_FORMAT = dwarf;
				ENABLE_STRICT_OBJC_MSGSEND = YES;
				ENABLE_TESTABILITY = YES;
				GCC_C_LANGUAGE_STANDARD = gnu99;
				GCC_DYNAMIC_NO_PIC = NO;
				GCC_NO_COMMON_BLOCKS = YES;
				GCC_OPTIMIZATION_LEVEL = 0;
				GCC_PREPROCESSOR_DEFINITIONS = (
					"DEBUG=1",
					"$(inherited)",
				);
				GCC_WARN_64_TO_32_BIT_CONVERSION = YES;
				GCC_WARN_ABOUT_RETURN_TYPE = YES_ERROR;
				GCC_WARN_UNDECLARED_SELECTOR = YES;
				GCC_WARN_UNINITIALIZED_AUTOS = YES_AGGRESSIVE;
				GCC_WARN_UNUSED_FUNCTION = YES;
				GCC_WARN_UNUSED_VARIABLE = YES;
				IPHONEOS_DEPLOYMENT_TARGET = 10.2;
				MTL_ENABLE_DEBUG_INFO = YES;
				ONLY_ACTIVE_ARCH = YES;
				SDKROOT = iphoneos;
				SWIFT_ACTIVE_COMPILATION_CONDITIONS = DEBUG;
				SWIFT_OPTIMIZATION_LEVEL = "-Onone";
				TARGETED_DEVICE_FAMILY = "1,2";
			};
			name = Debug;
		};
		FC18F2D41E5257AC00FC9907 /* Release */ = {
			isa = XCBuildConfiguration;
			buildSettings = {
				ALWAYS_SEARCH_USER_PATHS = NO;
				CLANG_ANALYZER_NONNULL = YES;
				CLANG_CXX_LANGUAGE_STANDARD = "gnu++0x";
				CLANG_CXX_LIBRARY = "libc++";
				CLANG_ENABLE_MODULES = YES;
				CLANG_ENABLE_OBJC_ARC = YES;
				CLANG_WARN_BOOL_CONVERSION = YES;
				CLANG_WARN_CONSTANT_CONVERSION = YES;
				CLANG_WARN_DIRECT_OBJC_ISA_USAGE = YES_ERROR;
				CLANG_WARN_DOCUMENTATION_COMMENTS = YES;
				CLANG_WARN_EMPTY_BODY = YES;
				CLANG_WARN_ENUM_CONVERSION = YES;
				CLANG_WARN_INFINITE_RECURSION = YES;
				CLANG_WARN_INT_CONVERSION = YES;
				CLANG_WARN_OBJC_ROOT_CLASS = YES_ERROR;
				CLANG_WARN_SUSPICIOUS_MOVE = YES;
				CLANG_WARN_UNREACHABLE_CODE = YES;
				CLANG_WARN__DUPLICATE_METHOD_MATCH = YES;
				"CODE_SIGN_IDENTITY[sdk=iphoneos*]" = "iPhone Developer";
				COPY_PHASE_STRIP = NO;
				DEBUG_INFORMATION_FORMAT = "dwarf-with-dsym";
				ENABLE_NS_ASSERTIONS = NO;
				ENABLE_STRICT_OBJC_MSGSEND = YES;
				GCC_C_LANGUAGE_STANDARD = gnu99;
				GCC_NO_COMMON_BLOCKS = YES;
				GCC_WARN_64_TO_32_BIT_CONVERSION = YES;
				GCC_WARN_ABOUT_RETURN_TYPE = YES_ERROR;
				GCC_WARN_UNDECLARED_SELECTOR = YES;
				GCC_WARN_UNINITIALIZED_AUTOS = YES_AGGRESSIVE;
				GCC_WARN_UNUSED_FUNCTION = YES;
				GCC_WARN_UNUSED_VARIABLE = YES;
				IPHONEOS_DEPLOYMENT_TARGET = 10.2;
				MTL_ENABLE_DEBUG_INFO = NO;
				SDKROOT = iphoneos;
				SWIFT_OPTIMIZATION_LEVEL = "-Owholemodule";
				TARGETED_DEVICE_FAMILY = "1,2";
				VALIDATE_PRODUCT = YES;
			};
			name = Release;
		};
		FC18F2D61E5257AC00FC9907 /* Debug */ = {
			isa = XCBuildConfiguration;
			baseConfigurationReference = FC7E032928555627C6D3A21C /* Pods-Cocoaheads.debug.xcconfig */;
			buildSettings = {
				ALWAYS_EMBED_SWIFT_STANDARD_LIBRARIES = "$(inherited)";
				ASSETCATALOG_COMPILER_APPICON_NAME = AppIcon;
				INFOPLIST_FILE = Cocoaheads/Info.plist;
				LD_RUNPATH_SEARCH_PATHS = "$(inherited) @executable_path/Frameworks";
				PRODUCT_BUNDLE_IDENTIFIER = br.com.Cocoaheads;
				PRODUCT_NAME = "$(TARGET_NAME)";
				SWIFT_VERSION = 3.0;
			};
			name = Debug;
		};
		FC18F2D71E5257AC00FC9907 /* Release */ = {
			isa = XCBuildConfiguration;
			baseConfigurationReference = 47904E574D686F7BDD117F65 /* Pods-Cocoaheads.release.xcconfig */;
			buildSettings = {
				ALWAYS_EMBED_SWIFT_STANDARD_LIBRARIES = "$(inherited)";
				ASSETCATALOG_COMPILER_APPICON_NAME = AppIcon;
				INFOPLIST_FILE = Cocoaheads/Info.plist;
				LD_RUNPATH_SEARCH_PATHS = "$(inherited) @executable_path/Frameworks";
				PRODUCT_BUNDLE_IDENTIFIER = br.com.Cocoaheads;
				PRODUCT_NAME = "$(TARGET_NAME)";
				SWIFT_VERSION = 3.0;
			};
			name = Release;
		};
		FC18F2D91E5257AC00FC9907 /* Debug */ = {
			isa = XCBuildConfiguration;
			baseConfigurationReference = A213193336C80E2148908236 /* Pods-CocoaheadsTests.debug.xcconfig */;
			buildSettings = {
				ALWAYS_EMBED_SWIFT_STANDARD_LIBRARIES = "$(inherited)";
				BUNDLE_LOADER = "$(TEST_HOST)";
				INFOPLIST_FILE = CocoaheadsTests/Info.plist;
				LD_RUNPATH_SEARCH_PATHS = "$(inherited) @executable_path/Frameworks @loader_path/Frameworks";
				PRODUCT_BUNDLE_IDENTIFIER = br.com.CocoaheadsTests;
				PRODUCT_NAME = "$(TARGET_NAME)";
				SWIFT_VERSION = 3.0;
				TEST_HOST = "$(BUILT_PRODUCTS_DIR)/Cocoaheads.app/Cocoaheads";
			};
			name = Debug;
		};
		FC18F2DA1E5257AC00FC9907 /* Release */ = {
			isa = XCBuildConfiguration;
			baseConfigurationReference = 01D6975AE3F9A1C9BB7730FD /* Pods-CocoaheadsTests.release.xcconfig */;
			buildSettings = {
				ALWAYS_EMBED_SWIFT_STANDARD_LIBRARIES = "$(inherited)";
				BUNDLE_LOADER = "$(TEST_HOST)";
				INFOPLIST_FILE = CocoaheadsTests/Info.plist;
				LD_RUNPATH_SEARCH_PATHS = "$(inherited) @executable_path/Frameworks @loader_path/Frameworks";
				PRODUCT_BUNDLE_IDENTIFIER = br.com.CocoaheadsTests;
				PRODUCT_NAME = "$(TARGET_NAME)";
				SWIFT_VERSION = 3.0;
				TEST_HOST = "$(BUILT_PRODUCTS_DIR)/Cocoaheads.app/Cocoaheads";
			};
			name = Release;
		};
/* End XCBuildConfiguration section */

/* Begin XCConfigurationList section */
		FC18F2B31E5257AB00FC9907 /* Build configuration list for PBXProject "Cocoaheads" */ = {
			isa = XCConfigurationList;
			buildConfigurations = (
				FC18F2D31E5257AC00FC9907 /* Debug */,
				FC18F2D41E5257AC00FC9907 /* Release */,
			);
			defaultConfigurationIsVisible = 0;
			defaultConfigurationName = Release;
		};
		FC18F2D51E5257AC00FC9907 /* Build configuration list for PBXNativeTarget "Cocoaheads" */ = {
			isa = XCConfigurationList;
			buildConfigurations = (
				FC18F2D61E5257AC00FC9907 /* Debug */,
				FC18F2D71E5257AC00FC9907 /* Release */,
			);
			defaultConfigurationIsVisible = 0;
			defaultConfigurationName = Release;
		};
		FC18F2D81E5257AC00FC9907 /* Build configuration list for PBXNativeTarget "CocoaheadsTests" */ = {
			isa = XCConfigurationList;
			buildConfigurations = (
				FC18F2D91E5257AC00FC9907 /* Debug */,
				FC18F2DA1E5257AC00FC9907 /* Release */,
			);
			defaultConfigurationIsVisible = 0;
			defaultConfigurationName = Release;
		};
/* End XCConfigurationList section */
	};
	rootObject = FC18F2B01E5257AB00FC9907 /* Project object */;
}
